clinedi=17c6cbbeebd541529b21f0fb572099cf1509a106
structlisp=68c0322639a0227c8887e9edfe16d8442be2e4c3
cl-colorist=a4b65e63f40248c091d8ccf6023ad6fef5de7f0d
colorlisp=05a3313d52e2a2c643219a750dd5045df56c1cd7
colordiff=9b721b5a3aa0d4206dbf866bebd6c52f36b1264d
ccl-base=c994217adc56b3f8a564526cee4695893ac84d86
ccl-xstate=a293f4460fadc5da420eec0739e61622e847aed2
ccl=579c87300ee632af99182276f2ad40e1c38c5d0a
