clinedi=5c1ccedba423cbe424214593345962b70fc0512c
cl-colorist=a4b65e63f40248c091d8ccf6023ad6fef5de7f0d
colorlisp=05a3313d52e2a2c643219a750dd5045df56c1cd7
colordiff=929457427d42dc0eebe847b49889c60c5259490f
ccl-base=c994217adc56b3f8a564526cee4695893ac84d86
ccl-xstate=a293f4460fadc5da420eec0739e61622e847aed2
ccl=579c87300ee632af99182276f2ad40e1c38c5d0a
